
Microsoft Visual Studio Solution File, Format Version 12.00
# Visual Studio Version 17
VisualStudioVersion = 17.14.36212.18 d17.14
MinimumVisualStudioVersion = 10.0.40219.1
Project("{FAE04EC0-301F-11D3-BF4B-00C04F79EFBC}") = "Api", "Api\Api.csproj", "{0DD9BDFB-ECE8-4738-996E-8D20CF788D79}"
EndProject
Global
	GlobalSection(SolutionConfigurationPlatforms) = preSolution
		Debug|Any CPU = Debug|Any CPU
		Release|Any CPU = Release|Any CPU
	EndGlobalSection
	GlobalSection(ProjectConfigurationPlatforms) = postSolution
		{0DD9BDFB-ECE8-4738-996E-8D20CF788D79}.Debug|Any CPU.ActiveCfg = Debug|Any CPU
		{0DD9BDFB-ECE8-4738-996E-8D20CF788D79}.Debug|Any CPU.Build.0 = Debug|Any CPU
		{0DD9BDFB-ECE8-4738-996E-8D20CF788D79}.Release|Any CPU.ActiveCfg = Release|Any CPU
		{0DD9BDFB-ECE8-4738-996E-8D20CF788D79}.Release|Any CPU.Build.0 = Release|Any CPU
	EndGlobalSection
	GlobalSection(SolutionProperties) = preSolution
		HideSolutionNode = FALSE
	EndGlobalSection
	GlobalSection(ExtensibilityGlobals) = postSolution
		SolutionGuid = {A81739DA-7130-48CE-87A8-A9451DD409D0}
	EndGlobalSection
EndGlobal
